
Microsoft Visual Studio Solution File, Format Version 12.00
# Visual Studio Version 16
VisualStudioVersion = 16.0.30717.126
MinimumVisualStudioVersion = 10.0.40219.1
Project("{FAE04EC0-301F-11D3-BF4B-00C04F79EFBC}") = "TesteBibliotecaDummy", "TesteBibliotecaDummy\TesteBibliotecaDummy.csproj", "{9A2E9FA1-09B9-429A-8ECC-1F137F2019A6}"
EndProject
Project("{9A19103F-16F7-4668-BE54-9A1E7A4F7556}") = "BibliotecaPolimerizacaoEmEtapas", "BibliotecaPolimerizacaoEmEtapas\BibliotecaPolimerizacaoEmEtapas.csproj", "{6A14EBEA-0B7E-401E-A67C-DA638899CF42}"
EndProject
Project("{FAE04EC0-301F-11D3-BF4B-00C04F79EFBC}") = "OtimizadorPolimerizacao", "OtimizadorPolimerizacao\OtimizadorPolimerizacao.csproj", "{926039E6-0599-44B5-9D31-166DDABF4CDF}"
EndProject
Global
	GlobalSection(SolutionConfigurationPlatforms) = preSolution
		Debug|Any CPU = Debug|Any CPU
		Release|Any CPU = Release|Any CPU
	EndGlobalSection
	GlobalSection(ProjectConfigurationPlatforms) = postSolution
		{9A2E9FA1-09B9-429A-8ECC-1F137F2019A6}.Debug|Any CPU.ActiveCfg = Debug|Any CPU
		{9A2E9FA1-09B9-429A-8ECC-1F137F2019A6}.Debug|Any CPU.Build.0 = Debug|Any CPU
		{9A2E9FA1-09B9-429A-8ECC-1F137F2019A6}.Release|Any CPU.ActiveCfg = Release|Any CPU
		{9A2E9FA1-09B9-429A-8ECC-1F137F2019A6}.Release|Any CPU.Build.0 = Release|Any CPU
		{6A14EBEA-0B7E-401E-A67C-DA638899CF42}.Debug|Any CPU.ActiveCfg = Debug|Any CPU
		{6A14EBEA-0B7E-401E-A67C-DA638899CF42}.Debug|Any CPU.Build.0 = Debug|Any CPU
		{6A14EBEA-0B7E-401E-A67C-DA638899CF42}.Release|Any CPU.ActiveCfg = Release|Any CPU
		{6A14EBEA-0B7E-401E-A67C-DA638899CF42}.Release|Any CPU.Build.0 = Release|Any CPU
		{926039E6-0599-44B5-9D31-166DDABF4CDF}.Debug|Any CPU.ActiveCfg = Debug|Any CPU
		{926039E6-0599-44B5-9D31-166DDABF4CDF}.Debug|Any CPU.Build.0 = Debug|Any CPU
		{926039E6-0599-44B5-9D31-166DDABF4CDF}.Release|Any CPU.ActiveCfg = Release|Any CPU
		{926039E6-0599-44B5-9D31-166DDABF4CDF}.Release|Any CPU.Build.0 = Release|Any CPU
	EndGlobalSection
	GlobalSection(SolutionProperties) = preSolution
		HideSolutionNode = FALSE
	EndGlobalSection
	GlobalSection(ExtensibilityGlobals) = postSolution
		SolutionGuid = {B0770646-3570-40F3-B1E7-1CFF44609A6E}
	EndGlobalSection
EndGlobal
